// !$*UTF8*$!
{
	archiveVersion = 1;
	classes = {
	};
	objectVersion = 46;
	objects = {

/* Begin PBXBuildFile section */
		AC243C2A1CF8255D0048E36D /* NotificationCell.swift in Sources */ = {isa = PBXBuildFile; fileRef = AC243C291CF8255D0048E36D /* NotificationCell.swift */; };
		AC243C2C1CF9238A0048E36D /* UserSearchTableViewCell.swift in Sources */ = {isa = PBXBuildFile; fileRef = AC243C2B1CF923890048E36D /* UserSearchTableViewCell.swift */; };
		AC2B921C1CC4AFDA00157FD7 /* Message.swift in Sources */ = {isa = PBXBuildFile; fileRef = AC2B921B1CC4AFDA00157FD7 /* Message.swift */; };
		AC2B921E1CC845BE00157FD7 /* User.swift in Sources */ = {isa = PBXBuildFile; fileRef = AC2B921D1CC845BE00157FD7 /* User.swift */; };
		AC2B92201CC847D400157FD7 /* MessageController.swift in Sources */ = {isa = PBXBuildFile; fileRef = AC2B921F1CC847D400157FD7 /* MessageController.swift */; };
		AC2B92221CCAC9A400157FD7 /* UserController.swift in Sources */ = {isa = PBXBuildFile; fileRef = AC2B92211CCAC9A400157FD7 /* UserController.swift */; };
		AC3CC8171CAB2BC800507EBB /* AppDelegate.swift in Sources */ = {isa = PBXBuildFile; fileRef = AC3CC8161CAB2BC800507EBB /* AppDelegate.swift */; };
		AC3CC81C1CAB2BC800507EBB /* Main.storyboard in Resources */ = {isa = PBXBuildFile; fileRef = AC3CC81A1CAB2BC800507EBB /* Main.storyboard */; };
		AC3CC81E1CAB2BC800507EBB /* Assets.xcassets in Resources */ = {isa = PBXBuildFile; fileRef = AC3CC81D1CAB2BC800507EBB /* Assets.xcassets */; };
		AC3CC8211CAB2BC800507EBB /* LaunchScreen.storyboard in Resources */ = {isa = PBXBuildFile; fileRef = AC3CC81F1CAB2BC800507EBB /* LaunchScreen.storyboard */; };
		AC3CC82C1CAB2BC800507EBB /* ChatTests.swift in Sources */ = {isa = PBXBuildFile; fileRef = AC3CC82B1CAB2BC800507EBB /* ChatTests.swift */; };
		AC3CC8371CAB2BC800507EBB /* ChatUITests.swift in Sources */ = {isa = PBXBuildFile; fileRef = AC3CC8361CAB2BC800507EBB /* ChatUITests.swift */; };
		AC3CC8451CAB2F1100507EBB /* HomeViewController.swift in Sources */ = {isa = PBXBuildFile; fileRef = AC3CC8441CAB2F1100507EBB /* HomeViewController.swift */; };
		AC3CC8471CAB353F00507EBB /* HomeMessageCell.swift in Sources */ = {isa = PBXBuildFile; fileRef = AC3CC8461CAB353F00507EBB /* HomeMessageCell.swift */; };
		AC3CC8511CAE1FCB00507EBB /* ContactTableViewCell.swift in Sources */ = {isa = PBXBuildFile; fileRef = AC3CC8501CAE1FCB00507EBB /* ContactTableViewCell.swift */; };
		AC3CC8531CAE22B400507EBB /* ContactCollectionCell.swift in Sources */ = {isa = PBXBuildFile; fileRef = AC3CC8521CAE22B400507EBB /* ContactCollectionCell.swift */; };
		AC3CC8571CAF3A2500507EBB /* AddContactTableViewController.swift in Sources */ = {isa = PBXBuildFile; fileRef = AC3CC8561CAF3A2400507EBB /* AddContactTableViewController.swift */; };
		AC3CC8591CAF51B500507EBB /* MessagingViewController.swift in Sources */ = {isa = PBXBuildFile; fileRef = AC3CC8581CAF51B500507EBB /* MessagingViewController.swift */; };
		AC3CC85B1CAF533400507EBB /* ProfileTableViewController.swift in Sources */ = {isa = PBXBuildFile; fileRef = AC3CC85A1CAF533400507EBB /* ProfileTableViewController.swift */; };
		AC43C65E1D278C90008FCC25 /* Conversation.swift in Sources */ = {isa = PBXBuildFile; fileRef = AC43C65D1D278C90008FCC25 /* Conversation.swift */; };
		AC7008941CD41EAF008E22E8 /* LoginViewController.swift in Sources */ = {isa = PBXBuildFile; fileRef = AC7008931CD41EAF008E22E8 /* LoginViewController.swift */; };
		AC78153F1CF0222800F1D04C /* AddPhotoViewController.swift in Sources */ = {isa = PBXBuildFile; fileRef = AC78153E1CF0222800F1D04C /* AddPhotoViewController.swift */; };
		AC7815411CF1934700F1D04C /* CloudkitCKAsset.swift in Sources */ = {isa = PBXBuildFile; fileRef = AC7815401CF1934600F1D04C /* CloudkitCKAsset.swift */; };
		AC8079E01CE2572F004809EF /* ConversationController.swift in Sources */ = {isa = PBXBuildFile; fileRef = AC8079DF1CE2572F004809EF /* ConversationController.swift */; };
		AC8600E51CBDF2370082F1C4 /* CreateGroupViewController.swift in Sources */ = {isa = PBXBuildFile; fileRef = AC8600E41CBDF2360082F1C4 /* CreateGroupViewController.swift */; };
		AC9E1D3A1D1A56580074926C /* Relationship.swift in Sources */ = {isa = PBXBuildFile; fileRef = AC9E1D391D1A56580074926C /* Relationship.swift */; };
		AC9E1D3C1D25B10A0074926C /* BigContactView.swift in Sources */ = {isa = PBXBuildFile; fileRef = AC9E1D3B1D25B10A0074926C /* BigContactView.swift */; };
		ACB1CB4D1CD00E1D00AE25E0 /* ThemMessageTableViewCell.swift in Sources */ = {isa = PBXBuildFile; fileRef = ACB1CB4C1CD00E1D00AE25E0 /* ThemMessageTableViewCell.swift */; };
		ACB1CB4F1CD00F3C00AE25E0 /* MeMessageTableViewCell.swift in Sources */ = {isa = PBXBuildFile; fileRef = ACB1CB4E1CD00F3C00AE25E0 /* MeMessageTableViewCell.swift */; };
		ACB69D5A1CC1E78C00FBAC24 /* CloudKit.framework in Frameworks */ = {isa = PBXBuildFile; fileRef = ACB69D591CC1E78C00FBAC24 /* CloudKit.framework */; };
		ACFCCFEA1D2BB38400B67361 /* InitialLoadingView.swift in Sources */ = {isa = PBXBuildFile; fileRef = ACFCCFE91D2BB38400B67361 /* InitialLoadingView.swift */; };
/* End PBXBuildFile section */

/* Begin PBXBuildRule section */
		AC78153D1CEEE98100F1D04C /* PBXBuildRule */ = {
			isa = PBXBuildRule;
			compilerSpec = com.apple.compilers.proxy.script;
			fileType = pattern.proxy;
			isEditable = 1;
			outputFiles = (
			);
		};
/* End PBXBuildRule section */

/* Begin PBXContainerItemProxy section */
		AC3CC8281CAB2BC800507EBB /* PBXContainerItemProxy */ = {
			isa = PBXContainerItemProxy;
			containerPortal = AC3CC80B1CAB2BC800507EBB /* Project object */;
			proxyType = 1;
			remoteGlobalIDString = AC3CC8121CAB2BC800507EBB;
			remoteInfo = Chat;
		};
		AC3CC8331CAB2BC800507EBB /* PBXContainerItemProxy */ = {
			isa = PBXContainerItemProxy;
			containerPortal = AC3CC80B1CAB2BC800507EBB /* Project object */;
			proxyType = 1;
			remoteGlobalIDString = AC3CC8121CAB2BC800507EBB;
			remoteInfo = Chat;
		};
/* End PBXContainerItemProxy section */

/* Begin PBXFileReference section */
		AC243C291CF8255D0048E36D /* NotificationCell.swift */ = {isa = PBXFileReference; fileEncoding = 4; lastKnownFileType = sourcecode.swift; path = NotificationCell.swift; sourceTree = "<group>"; };
		AC243C2B1CF923890048E36D /* UserSearchTableViewCell.swift */ = {isa = PBXFileReference; fileEncoding = 4; lastKnownFileType = sourcecode.swift; path = UserSearchTableViewCell.swift; sourceTree = "<group>"; };
		AC2B921B1CC4AFDA00157FD7 /* Message.swift */ = {isa = PBXFileReference; fileEncoding = 4; lastKnownFileType = sourcecode.swift; path = Message.swift; sourceTree = "<group>"; };
		AC2B921D1CC845BE00157FD7 /* User.swift */ = {isa = PBXFileReference; fileEncoding = 4; lastKnownFileType = sourcecode.swift; path = User.swift; sourceTree = "<group>"; };
		AC2B921F1CC847D400157FD7 /* MessageController.swift */ = {isa = PBXFileReference; fileEncoding = 4; lastKnownFileType = sourcecode.swift; path = MessageController.swift; sourceTree = "<group>"; };
		AC2B92211CCAC9A400157FD7 /* UserController.swift */ = {isa = PBXFileReference; fileEncoding = 4; lastKnownFileType = sourcecode.swift; path = UserController.swift; sourceTree = "<group>"; };
		AC3CC8131CAB2BC800507EBB /* Chat.app */ = {isa = PBXFileReference; explicitFileType = wrapper.application; includeInIndex = 0; path = Chat.app; sourceTree = BUILT_PRODUCTS_DIR; };
		AC3CC8161CAB2BC800507EBB /* AppDelegate.swift */ = {isa = PBXFileReference; lastKnownFileType = sourcecode.swift; path = AppDelegate.swift; sourceTree = "<group>"; };
		AC3CC81B1CAB2BC800507EBB /* Base */ = {isa = PBXFileReference; lastKnownFileType = file.storyboard; name = Base; path = Base.lproj/Main.storyboard; sourceTree = "<group>"; };
		AC3CC81D1CAB2BC800507EBB /* Assets.xcassets */ = {isa = PBXFileReference; lastKnownFileType = folder.assetcatalog; path = Assets.xcassets; sourceTree = "<group>"; };
		AC3CC8201CAB2BC800507EBB /* Base */ = {isa = PBXFileReference; lastKnownFileType = file.storyboard; name = Base; path = Base.lproj/LaunchScreen.storyboard; sourceTree = "<group>"; };
		AC3CC8221CAB2BC800507EBB /* Info.plist */ = {isa = PBXFileReference; lastKnownFileType = text.plist.xml; path = Info.plist; sourceTree = "<group>"; };
		AC3CC8271CAB2BC800507EBB /* ChatTests.xctest */ = {isa = PBXFileReference; explicitFileType = wrapper.cfbundle; includeInIndex = 0; path = ChatTests.xctest; sourceTree = BUILT_PRODUCTS_DIR; };
		AC3CC82B1CAB2BC800507EBB /* ChatTests.swift */ = {isa = PBXFileReference; lastKnownFileType = sourcecode.swift; path = ChatTests.swift; sourceTree = "<group>"; };
		AC3CC82D1CAB2BC800507EBB /* Info.plist */ = {isa = PBXFileReference; lastKnownFileType = text.plist.xml; path = Info.plist; sourceTree = "<group>"; };
		AC3CC8321CAB2BC800507EBB /* ChatUITests.xctest */ = {isa = PBXFileReference; explicitFileType = wrapper.cfbundle; includeInIndex = 0; path = ChatUITests.xctest; sourceTree = BUILT_PRODUCTS_DIR; };
		AC3CC8361CAB2BC800507EBB /* ChatUITests.swift */ = {isa = PBXFileReference; lastKnownFileType = sourcecode.swift; path = ChatUITests.swift; sourceTree = "<group>"; };
		AC3CC8381CAB2BC800507EBB /* Info.plist */ = {isa = PBXFileReference; lastKnownFileType = text.plist.xml; path = Info.plist; sourceTree = "<group>"; };
		AC3CC8441CAB2F1100507EBB /* HomeViewController.swift */ = {isa = PBXFileReference; fileEncoding = 4; lastKnownFileType = sourcecode.swift; path = HomeViewController.swift; sourceTree = "<group>"; };
		AC3CC8461CAB353F00507EBB /* HomeMessageCell.swift */ = {isa = PBXFileReference; fileEncoding = 4; lastKnownFileType = sourcecode.swift; path = HomeMessageCell.swift; sourceTree = "<group>"; };
		AC3CC8501CAE1FCB00507EBB /* ContactTableViewCell.swift */ = {isa = PBXFileReference; fileEncoding = 4; lastKnownFileType = sourcecode.swift; path = ContactTableViewCell.swift; sourceTree = "<group>"; };
		AC3CC8521CAE22B400507EBB /* ContactCollectionCell.swift */ = {isa = PBXFileReference; fileEncoding = 4; lastKnownFileType = sourcecode.swift; path = ContactCollectionCell.swift; sourceTree = "<group>"; };
		AC3CC8561CAF3A2400507EBB /* AddContactTableViewController.swift */ = {isa = PBXFileReference; fileEncoding = 4; lastKnownFileType = sourcecode.swift; path = AddContactTableViewController.swift; sourceTree = "<group>"; };
		AC3CC8581CAF51B500507EBB /* MessagingViewController.swift */ = {isa = PBXFileReference; fileEncoding = 4; lastKnownFileType = sourcecode.swift; path = MessagingViewController.swift; sourceTree = "<group>"; };
		AC3CC85A1CAF533400507EBB /* ProfileTableViewController.swift */ = {isa = PBXFileReference; fileEncoding = 4; lastKnownFileType = sourcecode.swift; path = ProfileTableViewController.swift; sourceTree = "<group>"; };
		AC43C65D1D278C90008FCC25 /* Conversation.swift */ = {isa = PBXFileReference; fileEncoding = 4; lastKnownFileType = sourcecode.swift; name = Conversation.swift; path = ../Conversation.swift; sourceTree = "<group>"; };
		AC7008931CD41EAF008E22E8 /* LoginViewController.swift */ = {isa = PBXFileReference; fileEncoding = 4; lastKnownFileType = sourcecode.swift; path = LoginViewController.swift; sourceTree = "<group>"; };
		AC78153E1CF0222800F1D04C /* AddPhotoViewController.swift */ = {isa = PBXFileReference; fileEncoding = 4; lastKnownFileType = sourcecode.swift; path = AddPhotoViewController.swift; sourceTree = "<group>"; };
		AC7815401CF1934600F1D04C /* CloudkitCKAsset.swift */ = {isa = PBXFileReference; fileEncoding = 4; lastKnownFileType = sourcecode.swift; path = CloudkitCKAsset.swift; sourceTree = "<group>"; };
		AC8079DF1CE2572F004809EF /* ConversationController.swift */ = {isa = PBXFileReference; fileEncoding = 4; lastKnownFileType = sourcecode.swift; path = ConversationController.swift; sourceTree = "<group>"; };
		AC8600E41CBDF2360082F1C4 /* CreateGroupViewController.swift */ = {isa = PBXFileReference; fileEncoding = 4; lastKnownFileType = sourcecode.swift; path = CreateGroupViewController.swift; sourceTree = "<group>"; };
		AC9E1D391D1A56580074926C /* Relationship.swift */ = {isa = PBXFileReference; fileEncoding = 4; lastKnownFileType = sourcecode.swift; path = Relationship.swift; sourceTree = "<group>"; };
		AC9E1D3B1D25B10A0074926C /* BigContactView.swift */ = {isa = PBXFileReference; fileEncoding = 4; lastKnownFileType = sourcecode.swift; path = BigContactView.swift; sourceTree = "<group>"; };
		ACB1CB4C1CD00E1D00AE25E0 /* ThemMessageTableViewCell.swift */ = {isa = PBXFileReference; fileEncoding = 4; lastKnownFileType = sourcecode.swift; path = ThemMessageTableViewCell.swift; sourceTree = "<group>"; };
		ACB1CB4E1CD00F3C00AE25E0 /* MeMessageTableViewCell.swift */ = {isa = PBXFileReference; fileEncoding = 4; lastKnownFileType = sourcecode.swift; path = MeMessageTableViewCell.swift; sourceTree = "<group>"; };
		ACB69D561CC1DEAB00FBAC24 /* Chat.entitlements */ = {isa = PBXFileReference; lastKnownFileType = text.xml; path = Chat.entitlements; sourceTree = "<group>"; };
		ACB69D591CC1E78C00FBAC24 /* CloudKit.framework */ = {isa = PBXFileReference; lastKnownFileType = wrapper.framework; name = CloudKit.framework; path = System/Library/Frameworks/CloudKit.framework; sourceTree = SDKROOT; };
		ACFCCFE91D2BB38400B67361 /* InitialLoadingView.swift */ = {isa = PBXFileReference; fileEncoding = 4; lastKnownFileType = sourcecode.swift; path = InitialLoadingView.swift; sourceTree = "<group>"; };
/* End PBXFileReference section */

/* Begin PBXFrameworksBuildPhase section */
		AC3CC8101CAB2BC800507EBB /* Frameworks */ = {
			isa = PBXFrameworksBuildPhase;
			buildActionMask = 2147483647;
			files = (
				ACB69D5A1CC1E78C00FBAC24 /* CloudKit.framework in Frameworks */,
			);
			runOnlyForDeploymentPostprocessing = 0;
		};
		AC3CC8241CAB2BC800507EBB /* Frameworks */ = {
			isa = PBXFrameworksBuildPhase;
			buildActionMask = 2147483647;
			files = (
			);
			runOnlyForDeploymentPostprocessing = 0;
		};
		AC3CC82F1CAB2BC800507EBB /* Frameworks */ = {
			isa = PBXFrameworksBuildPhase;
			buildActionMask = 2147483647;
			files = (
			);
			runOnlyForDeploymentPostprocessing = 0;
		};
/* End PBXFrameworksBuildPhase section */

/* Begin PBXGroup section */
		AC2B92231CCAC9B100157FD7 /* Objects */ = {
			isa = PBXGroup;
			children = (
				AC9E1D391D1A56580074926C /* Relationship.swift */,
				AC8079E31CE2575B004809EF /* Message */,
				AC8079E21CE2574D004809EF /* User */,
				AC8079E11CE25742004809EF /* Conversation */,
			);
			name = Objects;
			sourceTree = "<group>";
		};
		AC3CC80A1CAB2BC800507EBB = {
			isa = PBXGroup;
			children = (
				ACB69D591CC1E78C00FBAC24 /* CloudKit.framework */,
				AC3CC8151CAB2BC800507EBB /* Chat */,
				AC3CC82A1CAB2BC800507EBB /* ChatTests */,
				AC3CC8351CAB2BC800507EBB /* ChatUITests */,
				AC3CC8141CAB2BC800507EBB /* Products */,
			);
			sourceTree = "<group>";
		};
		AC3CC8141CAB2BC800507EBB /* Products */ = {
			isa = PBXGroup;
			children = (
				AC3CC8131CAB2BC800507EBB /* Chat.app */,
				AC3CC8271CAB2BC800507EBB /* ChatTests.xctest */,
				AC3CC8321CAB2BC800507EBB /* ChatUITests.xctest */,
			);
			name = Products;
			sourceTree = "<group>";
		};
		AC3CC8151CAB2BC800507EBB /* Chat */ = {
			isa = PBXGroup;
			children = (
				ACB69D561CC1DEAB00FBAC24 /* Chat.entitlements */,
				AC3CC8161CAB2BC800507EBB /* AppDelegate.swift */,
				ACFCCFE91D2BB38400B67361 /* InitialLoadingView.swift */,
				AC3CC8541CAE22C300507EBB /* Home View */,
				AC8600E41CBDF2360082F1C4 /* CreateGroupViewController.swift */,
				AC3CC8561CAF3A2400507EBB /* AddContactTableViewController.swift */,
				AC9E1D3B1D25B10A0074926C /* BigContactView.swift */,
				AC243C2B1CF923890048E36D /* UserSearchTableViewCell.swift */,
				ACB1CB501CD00FD600AE25E0 /* Messaging */,
				AC7815441CF5179400F1D04C /* Profile */,
				AC7815401CF1934600F1D04C /* CloudkitCKAsset.swift */,
				AC2B92231CCAC9B100157FD7 /* Objects */,
				AC3CC81A1CAB2BC800507EBB /* Main.storyboard */,
				AC3CC81D1CAB2BC800507EBB /* Assets.xcassets */,
				AC3CC81F1CAB2BC800507EBB /* LaunchScreen.storyboard */,
				AC3CC8221CAB2BC800507EBB /* Info.plist */,
			);
			path = Chat;
			sourceTree = "<group>";
		};
		AC3CC82A1CAB2BC800507EBB /* ChatTests */ = {
			isa = PBXGroup;
			children = (
				AC3CC82B1CAB2BC800507EBB /* ChatTests.swift */,
				AC3CC82D1CAB2BC800507EBB /* Info.plist */,
			);
			path = ChatTests;
			sourceTree = "<group>";
		};
		AC3CC8351CAB2BC800507EBB /* ChatUITests */ = {
			isa = PBXGroup;
			children = (
				AC3CC8361CAB2BC800507EBB /* ChatUITests.swift */,
				AC3CC8381CAB2BC800507EBB /* Info.plist */,
			);
			path = ChatUITests;
			sourceTree = "<group>";
		};
		AC3CC8541CAE22C300507EBB /* Home View */ = {
			isa = PBXGroup;
			children = (
				AC3CC8441CAB2F1100507EBB /* HomeViewController.swift */,
				AC3CC8461CAB353F00507EBB /* HomeMessageCell.swift */,
				AC243C291CF8255D0048E36D /* NotificationCell.swift */,
				AC3CC8551CAE22F000507EBB /* Contacts */,
			);
			name = "Home View";
			sourceTree = "<group>";
		};
		AC3CC8551CAE22F000507EBB /* Contacts */ = {
			isa = PBXGroup;
			children = (
				AC3CC8501CAE1FCB00507EBB /* ContactTableViewCell.swift */,
				AC3CC8521CAE22B400507EBB /* ContactCollectionCell.swift */,
			);
			name = Contacts;
			sourceTree = "<group>";
		};
		AC7815441CF5179400F1D04C /* Profile */ = {
			isa = PBXGroup;
			children = (
				AC3CC85A1CAF533400507EBB /* ProfileTableViewController.swift */,
				AC7008931CD41EAF008E22E8 /* LoginViewController.swift */,
				AC78153E1CF0222800F1D04C /* AddPhotoViewController.swift */,
			);
			name = Profile;
			sourceTree = "<group>";
		};
		AC8079E11CE25742004809EF /* Conversation */ = {
			isa = PBXGroup;
			children = (
				AC43C65D1D278C90008FCC25 /* Conversation.swift */,
				AC8079DF1CE2572F004809EF /* ConversationController.swift */,
			);
			name = Conversation;
			sourceTree = "<group>";
		};
		AC8079E21CE2574D004809EF /* User */ = {
			isa = PBXGroup;
			children = (
				AC2B921D1CC845BE00157FD7 /* User.swift */,
				AC2B92211CCAC9A400157FD7 /* UserController.swift */,
			);
			name = User;
			sourceTree = "<group>";
		};
		AC8079E31CE2575B004809EF /* Message */ = {
			isa = PBXGroup;
			children = (
				AC2B921B1CC4AFDA00157FD7 /* Message.swift */,
				AC2B921F1CC847D400157FD7 /* MessageController.swift */,
			);
			name = Message;
			sourceTree = "<group>";
		};
		ACB1CB501CD00FD600AE25E0 /* Messaging */ = {
			isa = PBXGroup;
			children = (
				AC3CC8581CAF51B500507EBB /* MessagingViewController.swift */,
				ACB1CB4C1CD00E1D00AE25E0 /* ThemMessageTableViewCell.swift */,
				ACB1CB4E1CD00F3C00AE25E0 /* MeMessageTableViewCell.swift */,
			);
			name = Messaging;
			sourceTree = "<group>";
		};
/* End PBXGroup section */

/* Begin PBXNativeTarget section */
		AC3CC8121CAB2BC800507EBB /* Chat */ = {
			isa = PBXNativeTarget;
			buildConfigurationList = AC3CC83B1CAB2BC800507EBB /* Build configuration list for PBXNativeTarget "Chat" */;
			buildPhases = (
				AC3CC80F1CAB2BC800507EBB /* Sources */,
				AC3CC8101CAB2BC800507EBB /* Frameworks */,
				AC3CC8111CAB2BC800507EBB /* Resources */,
			);
			buildRules = (
				AC78153D1CEEE98100F1D04C /* PBXBuildRule */,
			);
			dependencies = (
			);
			name = Chat;
			productName = Chat;
			productReference = AC3CC8131CAB2BC800507EBB /* Chat.app */;
			productType = "com.apple.product-type.application";
		};
		AC3CC8261CAB2BC800507EBB /* ChatTests */ = {
			isa = PBXNativeTarget;
			buildConfigurationList = AC3CC83E1CAB2BC800507EBB /* Build configuration list for PBXNativeTarget "ChatTests" */;
			buildPhases = (
				AC3CC8231CAB2BC800507EBB /* Sources */,
				AC3CC8241CAB2BC800507EBB /* Frameworks */,
				AC3CC8251CAB2BC800507EBB /* Resources */,
			);
			buildRules = (
			);
			dependencies = (
				AC3CC8291CAB2BC800507EBB /* PBXTargetDependency */,
			);
			name = ChatTests;
			productName = ChatTests;
			productReference = AC3CC8271CAB2BC800507EBB /* ChatTests.xctest */;
			productType = "com.apple.product-type.bundle.unit-test";
		};
		AC3CC8311CAB2BC800507EBB /* ChatUITests */ = {
			isa = PBXNativeTarget;
			buildConfigurationList = AC3CC8411CAB2BC800507EBB /* Build configuration list for PBXNativeTarget "ChatUITests" */;
			buildPhases = (
				AC3CC82E1CAB2BC800507EBB /* Sources */,
				AC3CC82F1CAB2BC800507EBB /* Frameworks */,
				AC3CC8301CAB2BC800507EBB /* Resources */,
			);
			buildRules = (
			);
			dependencies = (
				AC3CC8341CAB2BC800507EBB /* PBXTargetDependency */,
			);
			name = ChatUITests;
			productName = ChatUITests;
			productReference = AC3CC8321CAB2BC800507EBB /* ChatUITests.xctest */;
			productType = "com.apple.product-type.bundle.ui-testing";
		};
/* End PBXNativeTarget section */

/* Begin PBXProject section */
		AC3CC80B1CAB2BC800507EBB /* Project object */ = {
			isa = PBXProject;
			attributes = {
				LastSwiftUpdateCheck = 0720;
				LastUpgradeCheck = 0720;
				ORGANIZATIONNAME = SORN;
				TargetAttributes = {
					AC3CC8121CAB2BC800507EBB = {
						CreatedOnToolsVersion = 7.2.1;
						DevelopmentTeam = 84KNPHRLXA;
						SystemCapabilities = {
							com.apple.iCloud = {
								enabled = 1;
							};
						};
					};
					AC3CC8261CAB2BC800507EBB = {
						CreatedOnToolsVersion = 7.2.1;
						TestTargetID = AC3CC8121CAB2BC800507EBB;
					};
					AC3CC8311CAB2BC800507EBB = {
						CreatedOnToolsVersion = 7.2.1;
						TestTargetID = AC3CC8121CAB2BC800507EBB;
					};
				};
			};
			buildConfigurationList = AC3CC80E1CAB2BC800507EBB /* Build configuration list for PBXProject "Chat" */;
			compatibilityVersion = "Xcode 3.2";
			developmentRegion = English;
			hasScannedForEncodings = 0;
			knownRegions = (
				en,
				Base,
			);
			mainGroup = AC3CC80A1CAB2BC800507EBB;
			productRefGroup = AC3CC8141CAB2BC800507EBB /* Products */;
			projectDirPath = "";
			projectRoot = "";
			targets = (
				AC3CC8121CAB2BC800507EBB /* Chat */,
				AC3CC8261CAB2BC800507EBB /* ChatTests */,
				AC3CC8311CAB2BC800507EBB /* ChatUITests */,
			);
		};
/* End PBXProject section */

/* Begin PBXResourcesBuildPhase section */
		AC3CC8111CAB2BC800507EBB /* Resources */ = {
			isa = PBXResourcesBuildPhase;
			buildActionMask = 2147483647;
			files = (
				AC3CC8211CAB2BC800507EBB /* LaunchScreen.storyboard in Resources */,
				AC3CC81E1CAB2BC800507EBB /* Assets.xcassets in Resources */,
				AC3CC81C1CAB2BC800507EBB /* Main.storyboard in Resources */,
			);
			runOnlyForDeploymentPostprocessing = 0;
		};
		AC3CC8251CAB2BC800507EBB /* Resources */ = {
			isa = PBXResourcesBuildPhase;
			buildActionMask = 2147483647;
			files = (
			);
			runOnlyForDeploymentPostprocessing = 0;
		};
		AC3CC8301CAB2BC800507EBB /* Resources */ = {
			isa = PBXResourcesBuildPhase;
			buildActionMask = 2147483647;
			files = (
			);
			runOnlyForDeploymentPostprocessing = 0;
		};
/* End PBXResourcesBuildPhase section */

/* Begin PBXSourcesBuildPhase section */
		AC3CC80F1CAB2BC800507EBB /* Sources */ = {
			isa = PBXSourcesBuildPhase;
			buildActionMask = 2147483647;
			files = (
				AC43C65E1D278C90008FCC25 /* Conversation.swift in Sources */,
				AC78153F1CF0222800F1D04C /* AddPhotoViewController.swift in Sources */,
				AC3CC8511CAE1FCB00507EBB /* ContactTableViewCell.swift in Sources */,
				ACB1CB4D1CD00E1D00AE25E0 /* ThemMessageTableViewCell.swift in Sources */,
				AC3CC8451CAB2F1100507EBB /* HomeViewController.swift in Sources */,
				AC3CC8591CAF51B500507EBB /* MessagingViewController.swift in Sources */,
				AC3CC8571CAF3A2500507EBB /* AddContactTableViewController.swift in Sources */,
				AC3CC8531CAE22B400507EBB /* ContactCollectionCell.swift in Sources */,
				AC2B92221CCAC9A400157FD7 /* UserController.swift in Sources */,
				AC9E1D3C1D25B10A0074926C /* BigContactView.swift in Sources */,
				ACB1CB4F1CD00F3C00AE25E0 /* MeMessageTableViewCell.swift in Sources */,
				AC8600E51CBDF2370082F1C4 /* CreateGroupViewController.swift in Sources */,
				AC3CC8171CAB2BC800507EBB /* AppDelegate.swift in Sources */,
				AC8079E01CE2572F004809EF /* ConversationController.swift in Sources */,
				AC2B92201CC847D400157FD7 /* MessageController.swift in Sources */,
				AC243C2A1CF8255D0048E36D /* NotificationCell.swift in Sources */,
				AC243C2C1CF9238A0048E36D /* UserSearchTableViewCell.swift in Sources */,
				AC2B921C1CC4AFDA00157FD7 /* Message.swift in Sources */,
				AC7008941CD41EAF008E22E8 /* LoginViewController.swift in Sources */,
				AC3CC85B1CAF533400507EBB /* ProfileTableViewController.swift in Sources */,
				AC7815411CF1934700F1D04C /* CloudkitCKAsset.swift in Sources */,
				AC3CC8471CAB353F00507EBB /* HomeMessageCell.swift in Sources */,
				AC2B921E1CC845BE00157FD7 /* User.swift in Sources */,
				ACFCCFEA1D2BB38400B67361 /* InitialLoadingView.swift in Sources */,
				AC9E1D3A1D1A56580074926C /* Relationship.swift in Sources */,
			);
			runOnlyForDeploymentPostprocessing = 0;
		};
		AC3CC8231CAB2BC800507EBB /* Sources */ = {
			isa = PBXSourcesBuildPhase;
			buildActionMask = 2147483647;
			files = (
				AC3CC82C1CAB2BC800507EBB /* ChatTests.swift in Sources */,
			);
			runOnlyForDeploymentPostprocessing = 0;
		};
		AC3CC82E1CAB2BC800507EBB /* Sources */ = {
			isa = PBXSourcesBuildPhase;
			buildActionMask = 2147483647;
			files = (
				AC3CC8371CAB2BC800507EBB /* ChatUITests.swift in Sources */,
			);
			runOnlyForDeploymentPostprocessing = 0;
		};
/* End PBXSourcesBuildPhase section */

/* Begin PBXTargetDependency section */
		AC3CC8291CAB2BC800507EBB /* PBXTargetDependency */ = {
			isa = PBXTargetDependency;
			target = AC3CC8121CAB2BC800507EBB /* Chat */;
			targetProxy = AC3CC8281CAB2BC800507EBB /* PBXContainerItemProxy */;
		};
		AC3CC8341CAB2BC800507EBB /* PBXTargetDependency */ = {
			isa = PBXTargetDependency;
			target = AC3CC8121CAB2BC800507EBB /* Chat */;
			targetProxy = AC3CC8331CAB2BC800507EBB /* PBXContainerItemProxy */;
		};
/* End PBXTargetDependency section */

/* Begin PBXVariantGroup section */
		AC3CC81A1CAB2BC800507EBB /* Main.storyboard */ = {
			isa = PBXVariantGroup;
			children = (
				AC3CC81B1CAB2BC800507EBB /* Base */,
			);
			name = Main.storyboard;
			sourceTree = "<group>";
		};
		AC3CC81F1CAB2BC800507EBB /* LaunchScreen.storyboard */ = {
			isa = PBXVariantGroup;
			children = (
				AC3CC8201CAB2BC800507EBB /* Base */,
			);
			name = LaunchScreen.storyboard;
			sourceTree = "<group>";
		};
/* End PBXVariantGroup section */

/* Begin XCBuildConfiguration section */
		AC3CC8391CAB2BC800507EBB /* Debug */ = {
			isa = XCBuildConfiguration;
			buildSettings = {
				ALWAYS_SEARCH_USER_PATHS = NO;
				CLANG_CXX_LANGUAGE_STANDARD = "gnu++0x";
				CLANG_CXX_LIBRARY = "libc++";
				CLANG_ENABLE_MODULES = YES;
				CLANG_ENABLE_OBJC_ARC = YES;
				CLANG_WARN_BOOL_CONVERSION = YES;
				CLANG_WARN_CONSTANT_CONVERSION = YES;
				CLANG_WARN_DIRECT_OBJC_ISA_USAGE = YES_ERROR;
				CLANG_WARN_EMPTY_BODY = YES;
				CLANG_WARN_ENUM_CONVERSION = YES;
				CLANG_WARN_INT_CONVERSION = YES;
				CLANG_WARN_OBJC_ROOT_CLASS = YES_ERROR;
				CLANG_WARN_UNREACHABLE_CODE = YES;
				CLANG_WARN__DUPLICATE_METHOD_MATCH = YES;
				"CODE_SIGN_IDENTITY[sdk=iphoneos*]" = "iPhone Developer";
				COPY_PHASE_STRIP = NO;
				DEBUG_INFORMATION_FORMAT = dwarf;
				ENABLE_STRICT_OBJC_MSGSEND = YES;
				ENABLE_TESTABILITY = YES;
				GCC_C_LANGUAGE_STANDARD = gnu99;
				GCC_DYNAMIC_NO_PIC = NO;
				GCC_NO_COMMON_BLOCKS = YES;
				GCC_OPTIMIZATION_LEVEL = 0;
				GCC_PREPROCESSOR_DEFINITIONS = (
					"DEBUG=1",
					"$(inherited)",
				);
				GCC_WARN_64_TO_32_BIT_CONVERSION = YES;
				GCC_WARN_ABOUT_RETURN_TYPE = YES_ERROR;
				GCC_WARN_UNDECLARED_SELECTOR = YES;
				GCC_WARN_UNINITIALIZED_AUTOS = YES_AGGRESSIVE;
				GCC_WARN_UNUSED_FUNCTION = YES;
				GCC_WARN_UNUSED_VARIABLE = YES;
				IPHONEOS_DEPLOYMENT_TARGET = 9.2;
				MTL_ENABLE_DEBUG_INFO = YES;
				ONLY_ACTIVE_ARCH = YES;
				SDKROOT = iphoneos;
				SWIFT_OPTIMIZATION_LEVEL = "-Onone";
			};
			name = Debug;
		};
		AC3CC83A1CAB2BC800507EBB /* Release */ = {
			isa = XCBuildConfiguration;
			buildSettings = {
				ALWAYS_SEARCH_USER_PATHS = NO;
				CLANG_CXX_LANGUAGE_STANDARD = "gnu++0x";
				CLANG_CXX_LIBRARY = "libc++";
				CLANG_ENABLE_MODULES = YES;
				CLANG_ENABLE_OBJC_ARC = YES;
				CLANG_WARN_BOOL_CONVERSION = YES;
				CLANG_WARN_CONSTANT_CONVERSION = YES;
				CLANG_WARN_DIRECT_OBJC_ISA_USAGE = YES_ERROR;
				CLANG_WARN_EMPTY_BODY = YES;
				CLANG_WARN_ENUM_CONVERSION = YES;
				CLANG_WARN_INT_CONVERSION = YES;
				CLANG_WARN_OBJC_ROOT_CLASS = YES_ERROR;
				CLANG_WARN_UNREACHABLE_CODE = YES;
				CLANG_WARN__DUPLICATE_METHOD_MATCH = YES;
				"CODE_SIGN_IDENTITY[sdk=iphoneos*]" = "iPhone Developer";
				COPY_PHASE_STRIP = NO;
				DEBUG_INFORMATION_FORMAT = "dwarf-with-dsym";
				ENABLE_NS_ASSERTIONS = NO;
				ENABLE_STRICT_OBJC_MSGSEND = YES;
				GCC_C_LANGUAGE_STANDARD = gnu99;
				GCC_NO_COMMON_BLOCKS = YES;
				GCC_WARN_64_TO_32_BIT_CONVERSION = YES;
				GCC_WARN_ABOUT_RETURN_TYPE = YES_ERROR;
				GCC_WARN_UNDECLARED_SELECTOR = YES;
				GCC_WARN_UNINITIALIZED_AUTOS = YES_AGGRESSIVE;
				GCC_WARN_UNUSED_FUNCTION = YES;
				GCC_WARN_UNUSED_VARIABLE = YES;
				IPHONEOS_DEPLOYMENT_TARGET = 9.2;
				MTL_ENABLE_DEBUG_INFO = NO;
				SDKROOT = iphoneos;
				VALIDATE_PRODUCT = YES;
			};
			name = Release;
		};
		AC3CC83C1CAB2BC800507EBB /* Debug */ = {
			isa = XCBuildConfiguration;
			buildSettings = {
				ASSETCATALOG_COMPILER_APPICON_NAME = AppIcon;
				CODE_SIGN_ENTITLEMENTS = Chat/Chat.entitlements;
				INFOPLIST_FILE = Chat/Info.plist;
				LD_RUNPATH_SEARCH_PATHS = "$(inherited) @executable_path/Frameworks";
				PRODUCT_BUNDLE_IDENTIFIER = com.soarinapps.socialize;
				PRODUCT_NAME = "$(TARGET_NAME)";
				TARGETED_DEVICE_FAMILY = 1;
			};
			name = Debug;
		};
		AC3CC83D1CAB2BC800507EBB /* Release */ = {
			isa = XCBuildConfiguration;
			buildSettings = {
				ASSETCATALOG_COMPILER_APPICON_NAME = AppIcon;
				CODE_SIGN_ENTITLEMENTS = Chat/Chat.entitlements;
				INFOPLIST_FILE = Chat/Info.plist;
				LD_RUNPATH_SEARCH_PATHS = "$(inherited) @executable_path/Frameworks";
				PRODUCT_BUNDLE_IDENTIFIER = com.soarinapps.socialize;
				PRODUCT_NAME = "$(TARGET_NAME)";
				TARGETED_DEVICE_FAMILY = 1;
			};
			name = Release;
		};
		AC3CC83F1CAB2BC800507EBB /* Debug */ = {
			isa = XCBuildConfiguration;
			buildSettings = {
				BUNDLE_LOADER = "$(TEST_HOST)";
				INFOPLIST_FILE = ChatTests/Info.plist;
				LD_RUNPATH_SEARCH_PATHS = "$(inherited) @executable_path/Frameworks @loader_path/Frameworks";
				PRODUCT_BUNDLE_IDENTIFIER = com.bignerdranch.ChatTests;
				PRODUCT_NAME = "$(TARGET_NAME)";
				TEST_HOST = "$(BUILT_PRODUCTS_DIR)/Chat.app/Chat";
			};
			name = Debug;
		};
		AC3CC8401CAB2BC800507EBB /* Release */ = {
			isa = XCBuildConfiguration;
			buildSettings = {
				BUNDLE_LOADER = "$(TEST_HOST)";
				INFOPLIST_FILE = ChatTests/Info.plist;
				LD_RUNPATH_SEARCH_PATHS = "$(inherited) @executable_path/Frameworks @loader_path/Frameworks";
				PRODUCT_BUNDLE_IDENTIFIER = com.bignerdranch.ChatTests;
				PRODUCT_NAME = "$(TARGET_NAME)";
				TEST_HOST = "$(BUILT_PRODUCTS_DIR)/Chat.app/Chat";
			};
			name = Release;
		};
		AC3CC8421CAB2BC800507EBB /* Debug */ = {
			isa = XCBuildConfiguration;
			buildSettings = {
				INFOPLIST_FILE = ChatUITests/Info.plist;
				LD_RUNPATH_SEARCH_PATHS = "$(inherited) @executable_path/Frameworks @loader_path/Frameworks";
				PRODUCT_BUNDLE_IDENTIFIER = com.bignerdranch.ChatUITests;
				PRODUCT_NAME = "$(TARGET_NAME)";
				TEST_TARGET_NAME = Chat;
				USES_XCTRUNNER = YES;
			};
			name = Debug;
		};
		AC3CC8431CAB2BC800507EBB /* Release */ = {
			isa = XCBuildConfiguration;
			buildSettings = {
				INFOPLIST_FILE = ChatUITests/Info.plist;
				LD_RUNPATH_SEARCH_PATHS = "$(inherited) @executable_path/Frameworks @loader_path/Frameworks";
				PRODUCT_BUNDLE_IDENTIFIER = com.bignerdranch.ChatUITests;
				PRODUCT_NAME = "$(TARGET_NAME)";
				TEST_TARGET_NAME = Chat;
				USES_XCTRUNNER = YES;
			};
			name = Release;
		};
/* End XCBuildConfiguration section */

/* Begin XCConfigurationList section */
		AC3CC80E1CAB2BC800507EBB /* Build configuration list for PBXProject "Chat" */ = {
			isa = XCConfigurationList;
			buildConfigurations = (
				AC3CC8391CAB2BC800507EBB /* Debug */,
				AC3CC83A1CAB2BC800507EBB /* Release */,
			);
			defaultConfigurationIsVisible = 0;
			defaultConfigurationName = Release;
		};
		AC3CC83B1CAB2BC800507EBB /* Build configuration list for PBXNativeTarget "Chat" */ = {
			isa = XCConfigurationList;
			buildConfigurations = (
				AC3CC83C1CAB2BC800507EBB /* Debug */,
				AC3CC83D1CAB2BC800507EBB /* Release */,
			);
			defaultConfigurationIsVisible = 0;
			defaultConfigurationName = Release;
		};
		AC3CC83E1CAB2BC800507EBB /* Build configuration list for PBXNativeTarget "ChatTests" */ = {
			isa = XCConfigurationList;
			buildConfigurations = (
				AC3CC83F1CAB2BC800507EBB /* Debug */,
				AC3CC8401CAB2BC800507EBB /* Release */,
			);
			defaultConfigurationIsVisible = 0;
			defaultConfigurationName = Release;
		};
		AC3CC8411CAB2BC800507EBB /* Build configuration list for PBXNativeTarget "ChatUITests" */ = {
			isa = XCConfigurationList;
			buildConfigurations = (
				AC3CC8421CAB2BC800507EBB /* Debug */,
				AC3CC8431CAB2BC800507EBB /* Release */,
			);
			defaultConfigurationIsVisible = 0;
			defaultConfigurationName = Release;
		};
/* End XCConfigurationList section */
	};
	rootObject = AC3CC80B1CAB2BC800507EBB /* Project object */;
}
